
Microsoft Visual Studio Solution File, Format Version 12.00
# Visual Studio 15
VisualStudioVersion = 15.0.27130.2027
MinimumVisualStudioVersion = 10.0.40219.1
Project("{9A19103F-16F7-4668-BE54-9A1E7A4F7556}") = "WebAPI", "WebApplication1\WebAPI.csproj", "{0BD89215-A130-488E-99CA-F9986EEBFF64}"
EndProject
Project("{FAE04EC0-301F-11D3-BF4B-00C04F79EFBC}") = "Repository.Tests", "UnitTestProject1\Repository.Tests.csproj", "{D97B521E-8205-4A30-B3BE-E93B6FAFF490}"
EndProject
Project("{FAE04EC0-301F-11D3-BF4B-00C04F79EFBC}") = "Repository", "DAL\Repository.csproj", "{3B7493D4-C325-4C92-AFA3-CE06FBD2DD4A}"
EndProject
Global
	GlobalSection(SolutionConfigurationPlatforms) = preSolution
		Debug|Any CPU = Debug|Any CPU
		Release|Any CPU = Release|Any CPU
	EndGlobalSection
	GlobalSection(ProjectConfigurationPlatforms) = postSolution
		{0BD89215-A130-488E-99CA-F9986EEBFF64}.Debug|Any CPU.ActiveCfg = Debug|Any CPU
		{0BD89215-A130-488E-99CA-F9986EEBFF64}.Debug|Any CPU.Build.0 = Debug|Any CPU
		{0BD89215-A130-488E-99CA-F9986EEBFF64}.Release|Any CPU.ActiveCfg = Release|Any CPU
		{0BD89215-A130-488E-99CA-F9986EEBFF64}.Release|Any CPU.Build.0 = Release|Any CPU
		{D97B521E-8205-4A30-B3BE-E93B6FAFF490}.Debug|Any CPU.ActiveCfg = Debug|Any CPU
		{D97B521E-8205-4A30-B3BE-E93B6FAFF490}.Debug|Any CPU.Build.0 = Debug|Any CPU
		{D97B521E-8205-4A30-B3BE-E93B6FAFF490}.Release|Any CPU.ActiveCfg = Release|Any CPU
		{D97B521E-8205-4A30-B3BE-E93B6FAFF490}.Release|Any CPU.Build.0 = Release|Any CPU
		{3B7493D4-C325-4C92-AFA3-CE06FBD2DD4A}.Debug|Any CPU.ActiveCfg = Debug|Any CPU
		{3B7493D4-C325-4C92-AFA3-CE06FBD2DD4A}.Debug|Any CPU.Build.0 = Debug|Any CPU
		{3B7493D4-C325-4C92-AFA3-CE06FBD2DD4A}.Release|Any CPU.ActiveCfg = Release|Any CPU
		{3B7493D4-C325-4C92-AFA3-CE06FBD2DD4A}.Release|Any CPU.Build.0 = Release|Any CPU
	EndGlobalSection
	GlobalSection(SolutionProperties) = preSolution
		HideSolutionNode = FALSE
	EndGlobalSection
	GlobalSection(ExtensibilityGlobals) = postSolution
		SolutionGuid = {8B0A31D3-6ACF-49AD-B599-6F9F4FCA70BD}
	EndGlobalSection
EndGlobal
